
Microsoft Visual Studio Solution File, Format Version 12.00
# Visual Studio Version 17
VisualStudioVersion = 17.5.33627.172
MinimumVisualStudioVersion = 10.0.40219.1
Project("{FAE04EC0-301F-11D3-BF4B-00C04F79EFBC}") = "DownloadTheHorny", "DownloadTheHorny\DownloadTheHorny.csproj", "{6127F0A6-95DB-499B-8662-603D29654911}"
EndProject
Global
	GlobalSection(SolutionConfigurationPlatforms) = preSolution
		Debug|Any CPU = Debug|Any CPU
		Release|Any CPU = Release|Any CPU
	EndGlobalSection
	GlobalSection(ProjectConfigurationPlatforms) = postSolution
		{6127F0A6-95DB-499B-8662-603D29654911}.Debug|Any CPU.ActiveCfg = Debug|Any CPU
		{6127F0A6-95DB-499B-8662-603D29654911}.Debug|Any CPU.Build.0 = Debug|Any CPU
		{6127F0A6-95DB-499B-8662-603D29654911}.Release|Any CPU.ActiveCfg = Release|Any CPU
		{6127F0A6-95DB-499B-8662-603D29654911}.Release|Any CPU.Build.0 = Release|Any CPU
	EndGlobalSection
	GlobalSection(SolutionProperties) = preSolution
		HideSolutionNode = FALSE
	EndGlobalSection
	GlobalSection(ExtensibilityGlobals) = postSolution
		SolutionGuid = {F92D7546-C864-4CC2-AA29-568662F86922}
	EndGlobalSection
EndGlobal
